
Microsoft Visual Studio Solution File, Format Version 12.00
# Visual Studio Version 16
VisualStudioVersion = 16.0.30717.126
MinimumVisualStudioVersion = 10.0.40219.1
Project("{FAE04EC0-301F-11D3-BF4B-00C04F79EFBC}") = "ProjetoWebRepair", "ProjetoWebRepair\ProjetoWebRepair.csproj", "{E9CE94CA-95E7-4A72-ACA1-9344534C2803}"
EndProject
Global
	GlobalSection(SolutionConfigurationPlatforms) = preSolution
		Debug|Any CPU = Debug|Any CPU
		Release|Any CPU = Release|Any CPU
	EndGlobalSection
	GlobalSection(ProjectConfigurationPlatforms) = postSolution
		{E9CE94CA-95E7-4A72-ACA1-9344534C2803}.Debug|Any CPU.ActiveCfg = Debug|Any CPU
		{E9CE94CA-95E7-4A72-ACA1-9344534C2803}.Debug|Any CPU.Build.0 = Debug|Any CPU
		{E9CE94CA-95E7-4A72-ACA1-9344534C2803}.Release|Any CPU.ActiveCfg = Release|Any CPU
		{E9CE94CA-95E7-4A72-ACA1-9344534C2803}.Release|Any CPU.Build.0 = Release|Any CPU
	EndGlobalSection
	GlobalSection(SolutionProperties) = preSolution
		HideSolutionNode = FALSE
	EndGlobalSection
	GlobalSection(ExtensibilityGlobals) = postSolution
		SolutionGuid = {9D1F643D-D4E9-4131-96D5-2E958253E332}
	EndGlobalSection
EndGlobal
